// !$*UTF8*$!
{
	archiveVersion = 1;
	classes = {
	};
	objectVersion = 50;
	objects = {

/* Begin PBXBuildFile section */
		C20D838C258AE12A00F8009D /* AppDelegate.swift in Sources */ = {isa = PBXBuildFile; fileRef = C20D838B258AE12A00F8009D /* AppDelegate.swift */; };
		C20D838E258AE12A00F8009D /* SceneDelegate.swift in Sources */ = {isa = PBXBuildFile; fileRef = C20D838D258AE12A00F8009D /* SceneDelegate.swift */; };
		C20D8390258AE12A00F8009D /* MainViewController.swift in Sources */ = {isa = PBXBuildFile; fileRef = C20D838F258AE12A00F8009D /* MainViewController.swift */; };
		C20D8395258AE12C00F8009D /* Assets.xcassets in Resources */ = {isa = PBXBuildFile; fileRef = C20D8394258AE12C00F8009D /* Assets.xcassets */; };
		C20D8398258AE12C00F8009D /* LaunchScreen.storyboard in Resources */ = {isa = PBXBuildFile; fileRef = C20D8396258AE12C00F8009D /* LaunchScreen.storyboard */; };
		C278EFEC258AE394009C0A1D /* Main.storyboard in Resources */ = {isa = PBXBuildFile; fileRef = C278EFEB258AE394009C0A1D /* Main.storyboard */; };
		C278EFF4258C3C91009C0A1D /* MainViewController+UI.swift in Sources */ = {isa = PBXBuildFile; fileRef = C278EFF3258C3C91009C0A1D /* MainViewController+UI.swift */; };
		C28904462592A829000633CF /* SignUpViewController.swift in Sources */ = {isa = PBXBuildFile; fileRef = C28904452592A829000633CF /* SignUpViewController.swift */; };
		C28904492592AAC7000633CF /* SignUpViewController+UI.swift in Sources */ = {isa = PBXBuildFile; fileRef = C28904482592AAC7000633CF /* SignUpViewController+UI.swift */; };
		C289044C2592B704000633CF /* SignInViewController.swift in Sources */ = {isa = PBXBuildFile; fileRef = C289044B2592B704000633CF /* SignInViewController.swift */; };
		C289044F2592B71A000633CF /* SignInViewController+UI.swift in Sources */ = {isa = PBXBuildFile; fileRef = C289044E2592B71A000633CF /* SignInViewController+UI.swift */; };
		C28904522592BE7E000633CF /* ForgotPasswordViewController.swift in Sources */ = {isa = PBXBuildFile; fileRef = C28904512592BE7E000633CF /* ForgotPasswordViewController.swift */; };
		C28904552592BE9D000633CF /* ForgotPasswordViewController+UI.swift in Sources */ = {isa = PBXBuildFile; fileRef = C28904542592BE9D000633CF /* ForgotPasswordViewController+UI.swift */; };
/* End PBXBuildFile section */

/* Begin PBXFileReference section */
		C20D8388258AE12A00F8009D /* The Dating App.app */ = {isa = PBXFileReference; explicitFileType = wrapper.application; includeInIndex = 0; path = "The Dating App.app"; sourceTree = BUILT_PRODUCTS_DIR; };
		C20D838B258AE12A00F8009D /* AppDelegate.swift */ = {isa = PBXFileReference; lastKnownFileType = sourcecode.swift; path = AppDelegate.swift; sourceTree = "<group>"; };
		C20D838D258AE12A00F8009D /* SceneDelegate.swift */ = {isa = PBXFileReference; lastKnownFileType = sourcecode.swift; path = SceneDelegate.swift; sourceTree = "<group>"; };
		C20D838F258AE12A00F8009D /* MainViewController.swift */ = {isa = PBXFileReference; lastKnownFileType = sourcecode.swift; path = MainViewController.swift; sourceTree = "<group>"; };
		C20D8394258AE12C00F8009D /* Assets.xcassets */ = {isa = PBXFileReference; lastKnownFileType = folder.assetcatalog; path = Assets.xcassets; sourceTree = "<group>"; };
		C20D8397258AE12C00F8009D /* Base */ = {isa = PBXFileReference; lastKnownFileType = file.storyboard; name = Base; path = Base.lproj/LaunchScreen.storyboard; sourceTree = "<group>"; };
		C20D8399258AE12C00F8009D /* Info.plist */ = {isa = PBXFileReference; lastKnownFileType = text.plist.xml; path = Info.plist; sourceTree = "<group>"; };
		C278EFEB258AE394009C0A1D /* Main.storyboard */ = {isa = PBXFileReference; lastKnownFileType = file.storyboard; path = Main.storyboard; sourceTree = "<group>"; };
		C278EFF3258C3C91009C0A1D /* MainViewController+UI.swift */ = {isa = PBXFileReference; lastKnownFileType = sourcecode.swift; path = "MainViewController+UI.swift"; sourceTree = "<group>"; };
		C28904452592A829000633CF /* SignUpViewController.swift */ = {isa = PBXFileReference; lastKnownFileType = sourcecode.swift; path = SignUpViewController.swift; sourceTree = "<group>"; };
		C28904482592AAC7000633CF /* SignUpViewController+UI.swift */ = {isa = PBXFileReference; lastKnownFileType = sourcecode.swift; path = "SignUpViewController+UI.swift"; sourceTree = "<group>"; };
		C289044B2592B704000633CF /* SignInViewController.swift */ = {isa = PBXFileReference; lastKnownFileType = sourcecode.swift; path = SignInViewController.swift; sourceTree = "<group>"; };
		C289044E2592B71A000633CF /* SignInViewController+UI.swift */ = {isa = PBXFileReference; lastKnownFileType = sourcecode.swift; path = "SignInViewController+UI.swift"; sourceTree = "<group>"; };
		C28904512592BE7E000633CF /* ForgotPasswordViewController.swift */ = {isa = PBXFileReference; lastKnownFileType = sourcecode.swift; path = ForgotPasswordViewController.swift; sourceTree = "<group>"; };
		C28904542592BE9D000633CF /* ForgotPasswordViewController+UI.swift */ = {isa = PBXFileReference; lastKnownFileType = sourcecode.swift; path = "ForgotPasswordViewController+UI.swift"; sourceTree = "<group>"; };
/* End PBXFileReference section */

/* Begin PBXFrameworksBuildPhase section */
		C20D8385258AE12A00F8009D /* Frameworks */ = {
			isa = PBXFrameworksBuildPhase;
			buildActionMask = 2147483647;
			files = (
			);
			runOnlyForDeploymentPostprocessing = 0;
		};
/* End PBXFrameworksBuildPhase section */

/* Begin PBXGroup section */
		C20D837F258AE12A00F8009D = {
			isa = PBXGroup;
			children = (
				C20D838A258AE12A00F8009D /* The Dating App */,
				C20D8389258AE12A00F8009D /* Products */,
			);
			sourceTree = "<group>";
		};
		C20D8389258AE12A00F8009D /* Products */ = {
			isa = PBXGroup;
			children = (
				C20D8388258AE12A00F8009D /* The Dating App.app */,
			);
			name = Products;
			sourceTree = "<group>";
		};
		C20D838A258AE12A00F8009D /* The Dating App */ = {
			isa = PBXGroup;
			children = (
				C28904432592A645000633CF /* Model */,
				C28904422592A640000633CF /* View */,
				C28904412592A639000633CF /* Controller */,
				C20D838B258AE12A00F8009D /* AppDelegate.swift */,
				C20D838D258AE12A00F8009D /* SceneDelegate.swift */,
				C20D8394258AE12C00F8009D /* Assets.xcassets */,
				C20D8396258AE12C00F8009D /* LaunchScreen.storyboard */,
				C20D8399258AE12C00F8009D /* Info.plist */,
			);
			path = "The Dating App";
			sourceTree = "<group>";
		};
		C28904412592A639000633CF /* Controller */ = {
			isa = PBXGroup;
			children = (
				C20D838F258AE12A00F8009D /* MainViewController.swift */,
				C278EFF3258C3C91009C0A1D /* MainViewController+UI.swift */,
				C28904452592A829000633CF /* SignUpViewController.swift */,
				C28904482592AAC7000633CF /* SignUpViewController+UI.swift */,
				C289044B2592B704000633CF /* SignInViewController.swift */,
				C289044E2592B71A000633CF /* SignInViewController+UI.swift */,
				C28904512592BE7E000633CF /* ForgotPasswordViewController.swift */,
				C28904542592BE9D000633CF /* ForgotPasswordViewController+UI.swift */,
			);
			path = Controller;
			sourceTree = "<group>";
		};
		C28904422592A640000633CF /* View */ = {
			isa = PBXGroup;
			children = (
				C278EFEB258AE394009C0A1D /* Main.storyboard */,
			);
			path = View;
			sourceTree = "<group>";
		};
		C28904432592A645000633CF /* Model */ = {
			isa = PBXGroup;
			children = (
			);
			path = Model;
			sourceTree = "<group>";
		};
/* End PBXGroup section */

/* Begin PBXNativeTarget section */
		C20D8387258AE12A00F8009D /* The Dating App */ = {
			isa = PBXNativeTarget;
			buildConfigurationList = C20D839C258AE12C00F8009D /* Build configuration list for PBXNativeTarget "The Dating App" */;
			buildPhases = (
				C20D8384258AE12A00F8009D /* Sources */,
				C20D8385258AE12A00F8009D /* Frameworks */,
				C20D8386258AE12A00F8009D /* Resources */,
			);
			buildRules = (
			);
			dependencies = (
			);
			name = "The Dating App";
			productName = "The Dating App";
			productReference = C20D8388258AE12A00F8009D /* The Dating App.app */;
			productType = "com.apple.product-type.application";
		};
/* End PBXNativeTarget section */

/* Begin PBXProject section */
		C20D8380258AE12A00F8009D /* Project object */ = {
			isa = PBXProject;
			attributes = {
				LastSwiftUpdateCheck = 1220;
				LastUpgradeCheck = 1220;
				TargetAttributes = {
					C20D8387258AE12A00F8009D = {
						CreatedOnToolsVersion = 12.2;
					};
				};
			};
			buildConfigurationList = C20D8383258AE12A00F8009D /* Build configuration list for PBXProject "The Dating App" */;
			compatibilityVersion = "Xcode 9.3";
			developmentRegion = en;
			hasScannedForEncodings = 0;
			knownRegions = (
				en,
				Base,
			);
			mainGroup = C20D837F258AE12A00F8009D;
			productRefGroup = C20D8389258AE12A00F8009D /* Products */;
			projectDirPath = "";
			projectRoot = "";
			targets = (
				C20D8387258AE12A00F8009D /* The Dating App */,
			);
		};
/* End PBXProject section */

/* Begin PBXResourcesBuildPhase section */
		C20D8386258AE12A00F8009D /* Resources */ = {
			isa = PBXResourcesBuildPhase;
			buildActionMask = 2147483647;
			files = (
				C20D8398258AE12C00F8009D /* LaunchScreen.storyboard in Resources */,
				C278EFEC258AE394009C0A1D /* Main.storyboard in Resources */,
				C20D8395258AE12C00F8009D /* Assets.xcassets in Resources */,
			);
			runOnlyForDeploymentPostprocessing = 0;
		};
/* End PBXResourcesBuildPhase section */

/* Begin PBXSourcesBuildPhase section */
		C20D8384258AE12A00F8009D /* Sources */ = {
			isa = PBXSourcesBuildPhase;
			buildActionMask = 2147483647;
			files = (
				C289044F2592B71A000633CF /* SignInViewController+UI.swift in Sources */,
				C289044C2592B704000633CF /* SignInViewController.swift in Sources */,
				C28904492592AAC7000633CF /* SignUpViewController+UI.swift in Sources */,
				C20D8390258AE12A00F8009D /* MainViewController.swift in Sources */,
				C28904552592BE9D000633CF /* ForgotPasswordViewController+UI.swift in Sources */,
				C20D838C258AE12A00F8009D /* AppDelegate.swift in Sources */,
				C28904522592BE7E000633CF /* ForgotPasswordViewController.swift in Sources */,
				C20D838E258AE12A00F8009D /* SceneDelegate.swift in Sources */,
				C278EFF4258C3C91009C0A1D /* MainViewController+UI.swift in Sources */,
				C28904462592A829000633CF /* SignUpViewController.swift in Sources */,
			);
			runOnlyForDeploymentPostprocessing = 0;
		};
/* End PBXSourcesBuildPhase section */

/* Begin PBXVariantGroup section */
		C20D8396258AE12C00F8009D /* LaunchScreen.storyboard */ = {
			isa = PBXVariantGroup;
			children = (
				C20D8397258AE12C00F8009D /* Base */,
			);
			name = LaunchScreen.storyboard;
			sourceTree = "<group>";
		};
/* End PBXVariantGroup section */

/* Begin XCBuildConfiguration section */
		C20D839A258AE12C00F8009D /* Debug */ = {
			isa = XCBuildConfiguration;
			buildSettings = {
				ALWAYS_SEARCH_USER_PATHS = NO;
				CLANG_ANALYZER_NONNULL = YES;
				CLANG_ANALYZER_NUMBER_OBJECT_CONVERSION = YES_AGGRESSIVE;
				CLANG_CXX_LANGUAGE_STANDARD = "gnu++14";
				CLANG_CXX_LIBRARY = "libc++";
				CLANG_ENABLE_MODULES = YES;
				CLANG_ENABLE_OBJC_ARC = YES;
				CLANG_ENABLE_OBJC_WEAK = YES;
				CLANG_WARN_BLOCK_CAPTURE_AUTORELEASING = YES;
				CLANG_WARN_BOOL_CONVERSION = YES;
				CLANG_WARN_COMMA = YES;
				CLANG_WARN_CONSTANT_CONVERSION = YES;
				CLANG_WARN_DEPRECATED_OBJC_IMPLEMENTATIONS = YES;
				CLANG_WARN_DIRECT_OBJC_ISA_USAGE = YES_ERROR;
				CLANG_WARN_DOCUMENTATION_COMMENTS = YES;
				CLANG_WARN_EMPTY_BODY = YES;
				CLANG_WARN_ENUM_CONVERSION = YES;
				CLANG_WARN_INFINITE_RECURSION = YES;
				CLANG_WARN_INT_CONVERSION = YES;
				CLANG_WARN_NON_LITERAL_NULL_CONVERSION = YES;
				CLANG_WARN_OBJC_IMPLICIT_RETAIN_SELF = YES;
				CLANG_WARN_OBJC_LITERAL_CONVERSION = YES;
				CLANG_WARN_OBJC_ROOT_CLASS = YES_ERROR;
				CLANG_WARN_QUOTED_INCLUDE_IN_FRAMEWORK_HEADER = YES;
				CLANG_WARN_RANGE_LOOP_ANALYSIS = YES;
				CLANG_WARN_STRICT_PROTOTYPES = YES;
				CLANG_WARN_SUSPICIOUS_MOVE = YES;
				CLANG_WARN_UNGUARDED_AVAILABILITY = YES_AGGRESSIVE;
				CLANG_WARN_UNREACHABLE_CODE = YES;
				CLANG_WARN__DUPLICATE_METHOD_MATCH = YES;
				COPY_PHASE_STRIP = NO;
				DEBUG_INFORMATION_FORMAT = dwarf;
				ENABLE_STRICT_OBJC_MSGSEND = YES;
				ENABLE_TESTABILITY = YES;
				GCC_C_LANGUAGE_STANDARD = gnu11;
				GCC_DYNAMIC_NO_PIC = NO;
				GCC_NO_COMMON_BLOCKS = YES;
				GCC_OPTIMIZATION_LEVEL = 0;
				GCC_PREPROCESSOR_DEFINITIONS = (
					"DEBUG=1",
					"$(inherited)",
				);
				GCC_WARN_64_TO_32_BIT_CONVERSION = YES;
				GCC_WARN_ABOUT_RETURN_TYPE = YES_ERROR;
				GCC_WARN_UNDECLARED_SELECTOR = YES;
				GCC_WARN_UNINITIALIZED_AUTOS = YES_AGGRESSIVE;
				GCC_WARN_UNUSED_FUNCTION = YES;
				GCC_WARN_UNUSED_VARIABLE = YES;
				IPHONEOS_DEPLOYMENT_TARGET = 14.2;
				MTL_ENABLE_DEBUG_INFO = INCLUDE_SOURCE;
				MTL_FAST_MATH = YES;
				ONLY_ACTIVE_ARCH = YES;
				SDKROOT = iphoneos;
				SWIFT_ACTIVE_COMPILATION_CONDITIONS = DEBUG;
				SWIFT_OPTIMIZATION_LEVEL = "-Onone";
			};
			name = Debug;
		};
		C20D839B258AE12C00F8009D /* Release */ = {
			isa = XCBuildConfiguration;
			buildSettings = {
				ALWAYS_SEARCH_USER_PATHS = NO;
				CLANG_ANALYZER_NONNULL = YES;
				CLANG_ANALYZER_NUMBER_OBJECT_CONVERSION = YES_AGGRESSIVE;
				CLANG_CXX_LANGUAGE_STANDARD = "gnu++14";
				CLANG_CXX_LIBRARY = "libc++";
				CLANG_ENABLE_MODULES = YES;
				CLANG_ENABLE_OBJC_ARC = YES;
				CLANG_ENABLE_OBJC_WEAK = YES;
				CLANG_WARN_BLOCK_CAPTURE_AUTORELEASING = YES;
				CLANG_WARN_BOOL_CONVERSION = YES;
				CLANG_WARN_COMMA = YES;
				CLANG_WARN_CONSTANT_CONVERSION = YES;
				CLANG_WARN_DEPRECATED_OBJC_IMPLEMENTATIONS = YES;
				CLANG_WARN_DIRECT_OBJC_ISA_USAGE = YES_ERROR;
				CLANG_WARN_DOCUMENTATION_COMMENTS = YES;
				CLANG_WARN_EMPTY_BODY = YES;
				CLANG_WARN_ENUM_CONVERSION = YES;
				CLANG_WARN_INFINITE_RECURSION = YES;
				CLANG_WARN_INT_CONVERSION = YES;
				CLANG_WARN_NON_LITERAL_NULL_CONVERSION = YES;
				CLANG_WARN_OBJC_IMPLICIT_RETAIN_SELF = YES;
				CLANG_WARN_OBJC_LITERAL_CONVERSION = YES;
				CLANG_WARN_OBJC_ROOT_CLASS = YES_ERROR;
				CLANG_WARN_QUOTED_INCLUDE_IN_FRAMEWORK_HEADER = YES;
				CLANG_WARN_RANGE_LOOP_ANALYSIS = YES;
				CLANG_WARN_STRICT_PROTOTYPES = YES;
				CLANG_WARN_SUSPICIOUS_MOVE = YES;
				CLANG_WARN_UNGUARDED_AVAILABILITY = YES_AGGRESSIVE;
				CLANG_WARN_UNREACHABLE_CODE = YES;
				CLANG_WARN__DUPLICATE_METHOD_MATCH = YES;
				COPY_PHASE_STRIP = NO;
				DEBUG_INFORMATION_FORMAT = "dwarf-with-dsym";
				ENABLE_NS_ASSERTIONS = NO;
				ENABLE_STRICT_OBJC_MSGSEND = YES;
				GCC_C_LANGUAGE_STANDARD = gnu11;
				GCC_NO_COMMON_BLOCKS = YES;
				GCC_WARN_64_TO_32_BIT_CONVERSION = YES;
				GCC_WARN_ABOUT_RETURN_TYPE = YES_ERROR;
				GCC_WARN_UNDECLARED_SELECTOR = YES;
				GCC_WARN_UNINITIALIZED_AUTOS = YES_AGGRESSIVE;
				GCC_WARN_UNUSED_FUNCTION = YES;
				GCC_WARN_UNUSED_VARIABLE = YES;
				IPHONEOS_DEPLOYMENT_TARGET = 14.2;
				MTL_ENABLE_DEBUG_INFO = NO;
				MTL_FAST_MATH = YES;
				SDKROOT = iphoneos;
				SWIFT_COMPILATION_MODE = wholemodule;
				SWIFT_OPTIMIZATION_LEVEL = "-O";
				VALIDATE_PRODUCT = YES;
			};
			name = Release;
		};
		C20D839D258AE12C00F8009D /* Debug */ = {
			isa = XCBuildConfiguration;
			buildSettings = {
				ASSETCATALOG_COMPILER_APPICON_NAME = AppIcon;
				ASSETCATALOG_COMPILER_GLOBAL_ACCENT_COLOR_NAME = AccentColor;
				CODE_SIGN_STYLE = Automatic;
				DEVELOPMENT_TEAM = DT454V4AJ9;
				INFOPLIST_FILE = "The Dating App/Info.plist";
				LD_RUNPATH_SEARCH_PATHS = (
					"$(inherited)",
					"@executable_path/Frameworks",
				);
				PRODUCT_BUNDLE_IDENTIFIER = "net.michaelthedeveloper.The-Dating-App";
				PRODUCT_NAME = "$(TARGET_NAME)";
				SWIFT_VERSION = 5.0;
				TARGETED_DEVICE_FAMILY = "1,2";
			};
			name = Debug;
		};
		C20D839E258AE12C00F8009D /* Release */ = {
			isa = XCBuildConfiguration;
			buildSettings = {
				ASSETCATALOG_COMPILER_APPICON_NAME = AppIcon;
				ASSETCATALOG_COMPILER_GLOBAL_ACCENT_COLOR_NAME = AccentColor;
				CODE_SIGN_STYLE = Automatic;
				DEVELOPMENT_TEAM = DT454V4AJ9;
				INFOPLIST_FILE = "The Dating App/Info.plist";
				LD_RUNPATH_SEARCH_PATHS = (
					"$(inherited)",
					"@executable_path/Frameworks",
				);
				PRODUCT_BUNDLE_IDENTIFIER = "net.michaelthedeveloper.The-Dating-App";
				PRODUCT_NAME = "$(TARGET_NAME)";
				SWIFT_VERSION = 5.0;
				TARGETED_DEVICE_FAMILY = "1,2";
			};
			name = Release;
		};
/* End XCBuildConfiguration section */

/* Begin XCConfigurationList section */
		C20D8383258AE12A00F8009D /* Build configuration list for PBXProject "The Dating App" */ = {
			isa = XCConfigurationList;
			buildConfigurations = (
				C20D839A258AE12C00F8009D /* Debug */,
				C20D839B258AE12C00F8009D /* Release */,
			);
			defaultConfigurationIsVisible = 0;
			defaultConfigurationName = Release;
		};
		C20D839C258AE12C00F8009D /* Build configuration list for PBXNativeTarget "The Dating App" */ = {
			isa = XCConfigurationList;
			buildConfigurations = (
				C20D839D258AE12C00F8009D /* Debug */,
				C20D839E258AE12C00F8009D /* Release */,
			);
			defaultConfigurationIsVisible = 0;
			defaultConfigurationName = Release;
		};
/* End XCConfigurationList section */
	};
	rootObject = C20D8380258AE12A00F8009D /* Project object */;
}
